// !$*UTF8*$!
{
	archiveVersion = 1;
	classes = {
	};
	objectVersion = 50;
	objects = {

/* Begin PBXBuildFile section */
		6291C0E920BD4EB300DD6F54 /* AppDelegate.m in Sources */ = {isa = PBXBuildFile; fileRef = 6291C0E820BD4EB300DD6F54 /* AppDelegate.m */; };
		6291C0EC20BD4EB300DD6F54 /* ViewController.m in Sources */ = {isa = PBXBuildFile; fileRef = 6291C0EB20BD4EB300DD6F54 /* ViewController.m */; };
		6291C0EF20BD4EB300DD6F54 /* Main.storyboard in Resources */ = {isa = PBXBuildFile; fileRef = 6291C0ED20BD4EB300DD6F54 /* Main.storyboard */; };
		6291C0F220BD4EB300DD6F54 /* XZD123.xcdatamodeld in Sources */ = {isa = PBXBuildFile; fileRef = 6291C0F020BD4EB300DD6F54 /* XZD123.xcdatamodeld */; };
		6291C0F420BD4EBB00DD6F54 /* Assets.xcassets in Resources */ = {isa = PBXBuildFile; fileRef = 6291C0F320BD4EBB00DD6F54 /* Assets.xcassets */; };
		6291C0F720BD4EBB00DD6F54 /* LaunchScreen.storyboard in Resources */ = {isa = PBXBuildFile; fileRef = 6291C0F520BD4EBB00DD6F54 /* LaunchScreen.storyboard */; };
		6291C0FA20BD4EBB00DD6F54 /* main.m in Sources */ = {isa = PBXBuildFile; fileRef = 6291C0F920BD4EBB00DD6F54 /* main.m */; };
		6291C10420BD4EBB00DD6F54 /* XZD123Tests.m in Sources */ = {isa = PBXBuildFile; fileRef = 6291C10320BD4EBB00DD6F54 /* XZD123Tests.m */; };
		6291C10F20BD4EBB00DD6F54 /* XZD123UITests.m in Sources */ = {isa = PBXBuildFile; fileRef = 6291C10E20BD4EBB00DD6F54 /* XZD123UITests.m */; };
/* End PBXBuildFile section */

/* Begin PBXContainerItemProxy section */
		6291C10020BD4EBB00DD6F54 /* PBXContainerItemProxy */ = {
			isa = PBXContainerItemProxy;
			containerPortal = 6291C0DC20BD4EB300DD6F54 /* Project object */;
			proxyType = 1;
			remoteGlobalIDString = 6291C0E320BD4EB300DD6F54;
			remoteInfo = XZD123;
		};
		6291C10B20BD4EBB00DD6F54 /* PBXContainerItemProxy */ = {
			isa = PBXContainerItemProxy;
			containerPortal = 6291C0DC20BD4EB300DD6F54 /* Project object */;
			proxyType = 1;
			remoteGlobalIDString = 6291C0E320BD4EB300DD6F54;
			remoteInfo = XZD123;
		};
/* End PBXContainerItemProxy section */

/* Begin PBXFileReference section */
		6291C0E420BD4EB300DD6F54 /* XZD123.app */ = {isa = PBXFileReference; explicitFileType = wrapper.application; includeInIndex = 0; path = XZD123.app; sourceTree = BUILT_PRODUCTS_DIR; };
		6291C0E720BD4EB300DD6F54 /* AppDelegate.h */ = {isa = PBXFileReference; lastKnownFileType = sourcecode.c.h; path = AppDelegate.h; sourceTree = "<group>"; };
		6291C0E820BD4EB300DD6F54 /* AppDelegate.m */ = {isa = PBXFileReference; lastKnownFileType = sourcecode.c.objc; path = AppDelegate.m; sourceTree = "<group>"; };
		6291C0EA20BD4EB300DD6F54 /* ViewController.h */ = {isa = PBXFileReference; lastKnownFileType = sourcecode.c.h; path = ViewController.h; sourceTree = "<group>"; };
		6291C0EB20BD4EB300DD6F54 /* ViewController.m */ = {isa = PBXFileReference; lastKnownFileType = sourcecode.c.objc; path = ViewController.m; sourceTree = "<group>"; };
		6291C0EE20BD4EB300DD6F54 /* Base */ = {isa = PBXFileReference; lastKnownFileType = file.storyboard; name = Base; path = Base.lproj/Main.storyboard; sourceTree = "<group>"; };
		6291C0F120BD4EB300DD6F54 /* XZD123.xcdatamodel */ = {isa = PBXFileReference; lastKnownFileType = wrapper.xcdatamodel; path = XZD123.xcdatamodel; sourceTree = "<group>"; };
		6291C0F320BD4EBB00DD6F54 /* Assets.xcassets */ = {isa = PBXFileReference; lastKnownFileType = folder.assetcatalog; path = Assets.xcassets; sourceTree = "<group>"; };
		6291C0F620BD4EBB00DD6F54 /* Base */ = {isa = PBXFileReference; lastKnownFileType = file.storyboard; name = Base; path = Base.lproj/LaunchScreen.storyboard; sourceTree = "<group>"; };
		6291C0F820BD4EBB00DD6F54 /* Info.plist */ = {isa = PBXFileReference; lastKnownFileType = text.plist.xml; path = Info.plist; sourceTree = "<group>"; };
		6291C0F920BD4EBB00DD6F54 /* main.m */ = {isa = PBXFileReference; lastKnownFileType = sourcecode.c.objc; path = main.m; sourceTree = "<group>"; };
		6291C0FF20BD4EBB00DD6F54 /* XZD123Tests.xctest */ = {isa = PBXFileReference; explicitFileType = wrapper.cfbundle; includeInIndex = 0; path = XZD123Tests.xctest; sourceTree = BUILT_PRODUCTS_DIR; };
		6291C10320BD4EBB00DD6F54 /* XZD123Tests.m */ = {isa = PBXFileReference; lastKnownFileType = sourcecode.c.objc; path = XZD123Tests.m; sourceTree = "<group>"; };
		6291C10520BD4EBB00DD6F54 /* Info.plist */ = {isa = PBXFileReference; lastKnownFileType = text.plist.xml; path = Info.plist; sourceTree = "<group>"; };
		6291C10A20BD4EBB00DD6F54 /* XZD123UITests.xctest */ = {isa = PBXFileReference; explicitFileType = wrapper.cfbundle; includeInIndex = 0; path = XZD123UITests.xctest; sourceTree = BUILT_PRODUCTS_DIR; };
		6291C10E20BD4EBB00DD6F54 /* XZD123UITests.m */ = {isa = PBXFileReference; lastKnownFileType = sourcecode.c.objc; path = XZD123UITests.m; sourceTree = "<group>"; };
		6291C11020BD4EBB00DD6F54 /* Info.plist */ = {isa = PBXFileReference; lastKnownFileType = text.plist.xml; path = Info.plist; sourceTree = "<group>"; };
/* End PBXFileReference section */

/* Begin PBXFrameworksBuildPhase section */
		6291C0E120BD4EB300DD6F54 /* Frameworks */ = {
			isa = PBXFrameworksBuildPhase;
			buildActionMask = 2147483647;
			files = (
			);
			runOnlyForDeploymentPostprocessing = 0;
		};
		6291C0FC20BD4EBB00DD6F54 /* Frameworks */ = {
			isa = PBXFrameworksBuildPhase;
			buildActionMask = 2147483647;
			files = (
			);
			runOnlyForDeploymentPostprocessing = 0;
		};
		6291C10720BD4EBB00DD6F54 /* Frameworks */ = {
			isa = PBXFrameworksBuildPhase;
			buildActionMask = 2147483647;
			files = (
			);
			runOnlyForDeploymentPostprocessing = 0;
		};
/* End PBXFrameworksBuildPhase section */

/* Begin PBXGroup section */
		6291C0DB20BD4EB300DD6F54 = {
			isa = PBXGroup;
			children = (
				6291C0E620BD4EB300DD6F54 /* XZD123 */,
				6291C10220BD4EBB00DD6F54 /* XZD123Tests */,
				6291C10D20BD4EBB00DD6F54 /* XZD123UITests */,
				6291C0E520BD4EB300DD6F54 /* Products */,
			);
			sourceTree = "<group>";
		};
		6291C0E520BD4EB300DD6F54 /* Products */ = {
			isa = PBXGroup;
			children = (
				6291C0E420BD4EB300DD6F54 /* XZD123.app */,
				6291C0FF20BD4EBB00DD6F54 /* XZD123Tests.xctest */,
				6291C10A20BD4EBB00DD6F54 /* XZD123UITests.xctest */,
			);
			name = Products;
			sourceTree = "<group>";
		};
		6291C0E620BD4EB300DD6F54 /* XZD123 */ = {
			isa = PBXGroup;
			children = (
				6291C0E720BD4EB300DD6F54 /* AppDelegate.h */,
				6291C0E820BD4EB300DD6F54 /* AppDelegate.m */,
				6291C0EA20BD4EB300DD6F54 /* ViewController.h */,
				6291C0EB20BD4EB300DD6F54 /* ViewController.m */,
				6291C0ED20BD4EB300DD6F54 /* Main.storyboard */,
				6291C0F320BD4EBB00DD6F54 /* Assets.xcassets */,
				6291C0F520BD4EBB00DD6F54 /* LaunchScreen.storyboard */,
				6291C0F820BD4EBB00DD6F54 /* Info.plist */,
				6291C0F920BD4EBB00DD6F54 /* main.m */,
				6291C0F020BD4EB300DD6F54 /* XZD123.xcdatamodeld */,
			);
			path = XZD123;
			sourceTree = "<group>";
		};
		6291C10220BD4EBB00DD6F54 /* XZD123Tests */ = {
			isa = PBXGroup;
			children = (
				6291C10320BD4EBB00DD6F54 /* XZD123Tests.m */,
				6291C10520BD4EBB00DD6F54 /* Info.plist */,
			);
			path = XZD123Tests;
			sourceTree = "<group>";
		};
		6291C10D20BD4EBB00DD6F54 /* XZD123UITests */ = {
			isa = PBXGroup;
			children = (
				6291C10E20BD4EBB00DD6F54 /* XZD123UITests.m */,
				6291C11020BD4EBB00DD6F54 /* Info.plist */,
			);
			path = XZD123UITests;
			sourceTree = "<group>";
		};
/* End PBXGroup section */

/* Begin PBXNativeTarget section */
		6291C0E320BD4EB300DD6F54 /* XZD123 */ = {
			isa = PBXNativeTarget;
			buildConfigurationList = 6291C11320BD4EBB00DD6F54 /* Build configuration list for PBXNativeTarget "XZD123" */;
			buildPhases = (
				6291C0E020BD4EB300DD6F54 /* Sources */,
				6291C0E120BD4EB300DD6F54 /* Frameworks */,
				6291C0E220BD4EB300DD6F54 /* Resources */,
			);
			buildRules = (
			);
			dependencies = (
			);
			name = XZD123;
			productName = XZD123;
			productReference = 6291C0E420BD4EB300DD6F54 /* XZD123.app */;
			productType = "com.apple.product-type.application";
		};
		6291C0FE20BD4EBB00DD6F54 /* XZD123Tests */ = {
			isa = PBXNativeTarget;
			buildConfigurationList = 6291C11620BD4EBB00DD6F54 /* Build configuration list for PBXNativeTarget "XZD123Tests" */;
			buildPhases = (
				6291C0FB20BD4EBB00DD6F54 /* Sources */,
				6291C0FC20BD4EBB00DD6F54 /* Frameworks */,
				6291C0FD20BD4EBB00DD6F54 /* Resources */,
			);
			buildRules = (
			);
			dependencies = (
				6291C10120BD4EBB00DD6F54 /* PBXTargetDependency */,
			);
			name = XZD123Tests;
			productName = XZD123Tests;
			productReference = 6291C0FF20BD4EBB00DD6F54 /* XZD123Tests.xctest */;
			productType = "com.apple.product-type.bundle.unit-test";
		};
		6291C10920BD4EBB00DD6F54 /* XZD123UITests */ = {
			isa = PBXNativeTarget;
			buildConfigurationList = 6291C11920BD4EBB00DD6F54 /* Build configuration list for PBXNativeTarget "XZD123UITests" */;
			buildPhases = (
				6291C10620BD4EBB00DD6F54 /* Sources */,
				6291C10720BD4EBB00DD6F54 /* Frameworks */,
				6291C10820BD4EBB00DD6F54 /* Resources */,
			);
			buildRules = (
			);
			dependencies = (
				6291C10C20BD4EBB00DD6F54 /* PBXTargetDependency */,
			);
			name = XZD123UITests;
			productName = XZD123UITests;
			productReference = 6291C10A20BD4EBB00DD6F54 /* XZD123UITests.xctest */;
			productType = "com.apple.product-type.bundle.ui-testing";
		};
/* End PBXNativeTarget section */

/* Begin PBXProject section */
		6291C0DC20BD4EB300DD6F54 /* Project object */ = {
			isa = PBXProject;
			attributes = {
				LastUpgradeCheck = 0930;
				ORGANIZATIONNAME = "汤双湖";
				TargetAttributes = {
					6291C0E320BD4EB300DD6F54 = {
						CreatedOnToolsVersion = 9.3;
					};
					6291C0FE20BD4EBB00DD6F54 = {
						CreatedOnToolsVersion = 9.3;
						TestTargetID = 6291C0E320BD4EB300DD6F54;
					};
					6291C10920BD4EBB00DD6F54 = {
						CreatedOnToolsVersion = 9.3;
						TestTargetID = 6291C0E320BD4EB300DD6F54;
					};
				};
			};
			buildConfigurationList = 6291C0DF20BD4EB300DD6F54 /* Build configuration list for PBXProject "XZD123" */;
			compatibilityVersion = "Xcode 9.3";
			developmentRegion = en;
			hasScannedForEncodings = 0;
			knownRegions = (
				en,
				Base,
			);
			mainGroup = 6291C0DB20BD4EB300DD6F54;
			productRefGroup = 6291C0E520BD4EB300DD6F54 /* Products */;
			projectDirPath = "";
			projectRoot = "";
			targets = (
				6291C0E320BD4EB300DD6F54 /* XZD123 */,
				6291C0FE20BD4EBB00DD6F54 /* XZD123Tests */,
				6291C10920BD4EBB00DD6F54 /* XZD123UITests */,
			);
		};
/* End PBXProject section */

/* Begin PBXResourcesBuildPhase section */
		6291C0E220BD4EB300DD6F54 /* Resources */ = {
			isa = PBXResourcesBuildPhase;
			buildActionMask = 2147483647;
			files = (
				6291C0F720BD4EBB00DD6F54 /* LaunchScreen.storyboard in Resources */,
				6291C0F420BD4EBB00DD6F54 /* Assets.xcassets in Resources */,
				6291C0EF20BD4EB300DD6F54 /* Main.storyboard in Resources */,
			);
			runOnlyForDeploymentPostprocessing = 0;
		};
		6291C0FD20BD4EBB00DD6F54 /* Resources */ = {
			isa = PBXResourcesBuildPhase;
			buildActionMask = 2147483647;
			files = (
			);
			runOnlyForDeploymentPostprocessing = 0;
		};
		6291C10820BD4EBB00DD6F54 /* Resources */ = {
			isa = PBXResourcesBuildPhase;
			buildActionMask = 2147483647;
			files = (
			);
			runOnlyForDeploymentPostprocessing = 0;
		};
/* End PBXResourcesBuildPhase section */

/* Begin PBXSourcesBuildPhase section */
		6291C0E020BD4EB300DD6F54 /* Sources */ = {
			isa = PBXSourcesBuildPhase;
			buildActionMask = 2147483647;
			files = (
				6291C0EC20BD4EB300DD6F54 /* ViewController.m in Sources */,
				6291C0F220BD4EB300DD6F54 /* XZD123.xcdatamodeld in Sources */,
				6291C0FA20BD4EBB00DD6F54 /* main.m in Sources */,
				6291C0E920BD4EB300DD6F54 /* AppDelegate.m in Sources */,
			);
			runOnlyForDeploymentPostprocessing = 0;
		};
		6291C0FB20BD4EBB00DD6F54 /* Sources */ = {
			isa = PBXSourcesBuildPhase;
			buildActionMask = 2147483647;
			files = (
				6291C10420BD4EBB00DD6F54 /* XZD123Tests.m in Sources */,
			);
			runOnlyForDeploymentPostprocessing = 0;
		};
		6291C10620BD4EBB00DD6F54 /* Sources */ = {
			isa = PBXSourcesBuildPhase;
			buildActionMask = 2147483647;
			files = (
				6291C10F20BD4EBB00DD6F54 /* XZD123UITests.m in Sources */,
			);
			runOnlyForDeploymentPostprocessing = 0;
		};
/* End PBXSourcesBuildPhase section */

/* Begin PBXTargetDependency section */
		6291C10120BD4EBB00DD6F54 /* PBXTargetDependency */ = {
			isa = PBXTargetDependency;
			target = 6291C0E320BD4EB300DD6F54 /* XZD123 */;
			targetProxy = 6291C10020BD4EBB00DD6F54 /* PBXContainerItemProxy */;
		};
		6291C10C20BD4EBB00DD6F54 /* PBXTargetDependency */ = {
			isa = PBXTargetDependency;
			target = 6291C0E320BD4EB300DD6F54 /* XZD123 */;
			targetProxy = 6291C10B20BD4EBB00DD6F54 /* PBXContainerItemProxy */;
		};
/* End PBXTargetDependency section */

/* Begin PBXVariantGroup section */
		6291C0ED20BD4EB300DD6F54 /* Main.storyboard */ = {
			isa = PBXVariantGroup;
			children = (
				6291C0EE20BD4EB300DD6F54 /* Base */,
			);
			name = Main.storyboard;
			sourceTree = "<group>";
		};
		6291C0F520BD4EBB00DD6F54 /* LaunchScreen.storyboard */ = {
			isa = PBXVariantGroup;
			children = (
				6291C0F620BD4EBB00DD6F54 /* Base */,
			);
			name = LaunchScreen.storyboard;
			sourceTree = "<group>";
		};
/* End PBXVariantGroup section */

/* Begin XCBuildConfiguration section */
		6291C11120BD4EBB00DD6F54 /* Debug */ = {
			isa = XCBuildConfiguration;
			buildSettings = {
				ALWAYS_SEARCH_USER_PATHS = NO;
				CLANG_ANALYZER_NONNULL = YES;
				CLANG_ANALYZER_NUMBER_OBJECT_CONVERSION = YES_AGGRESSIVE;
				CLANG_CXX_LANGUAGE_STANDARD = "gnu++14";
				CLANG_CXX_LIBRARY = "libc++";
				CLANG_ENABLE_MODULES = YES;
				CLANG_ENABLE_OBJC_ARC = YES;
				CLANG_ENABLE_OBJC_WEAK = YES;
				CLANG_WARN_BLOCK_CAPTURE_AUTORELEASING = YES;
				CLANG_WARN_BOOL_CONVERSION = YES;
				CLANG_WARN_COMMA = YES;
				CLANG_WARN_CONSTANT_CONVERSION = YES;
				CLANG_WARN_DEPRECATED_OBJC_IMPLEMENTATIONS = YES;
				CLANG_WARN_DIRECT_OBJC_ISA_USAGE = YES_ERROR;
				CLANG_WARN_DOCUMENTATION_COMMENTS = YES;
				CLANG_WARN_EMPTY_BODY = YES;
				CLANG_WARN_ENUM_CONVERSION = YES;
				CLANG_WARN_INFINITE_RECURSION = YES;
				CLANG_WARN_INT_CONVERSION = YES;
				CLANG_WARN_NON_LITERAL_NULL_CONVERSION = YES;
				CLANG_WARN_OBJC_IMPLICIT_RETAIN_SELF = YES;
				CLANG_WARN_OBJC_LITERAL_CONVERSION = YES;
				CLANG_WARN_OBJC_ROOT_CLASS = YES_ERROR;
				CLANG_WARN_RANGE_LOOP_ANALYSIS = YES;
				CLANG_WARN_STRICT_PROTOTYPES = YES;
				CLANG_WARN_SUSPICIOUS_MOVE = YES;
				CLANG_WARN_UNGUARDED_AVAILABILITY = YES_AGGRESSIVE;
				CLANG_WARN_UNREACHABLE_CODE = YES;
				CLANG_WARN__DUPLICATE_METHOD_MATCH = YES;
				CODE_SIGN_IDENTITY = "iPhone Developer";
				COPY_PHASE_STRIP = NO;
				DEBUG_INFORMATION_FORMAT = dwarf;
				ENABLE_STRICT_OBJC_MSGSEND = YES;
				ENABLE_TESTABILITY = YES;
				GCC_C_LANGUAGE_STANDARD = gnu11;
				GCC_DYNAMIC_NO_PIC = NO;
				GCC_NO_COMMON_BLOCKS = YES;
				GCC_OPTIMIZATION_LEVEL = 0;
				GCC_PREPROCESSOR_DEFINITIONS = (
					"DEBUG=1",
					"$(inherited)",
				);
				GCC_WARN_64_TO_32_BIT_CONVERSION = YES;
				GCC_WARN_ABOUT_RETURN_TYPE = YES_ERROR;
				GCC_WARN_UNDECLARED_SELECTOR = YES;
				GCC_WARN_UNINITIALIZED_AUTOS = YES_AGGRESSIVE;
				GCC_WARN_UNUSED_FUNCTION = YES;
				GCC_WARN_UNUSED_VARIABLE = YES;
				IPHONEOS_DEPLOYMENT_TARGET = 11.3;
				MTL_ENABLE_DEBUG_INFO = YES;
				ONLY_ACTIVE_ARCH = YES;
				SDKROOT = iphoneos;
			};
			name = Debug;
		};
		6291C11220BD4EBB00DD6F54 /* Release */ = {
			isa = XCBuildConfiguration;
			buildSettings = {
				ALWAYS_SEARCH_USER_PATHS = NO;
				CLANG_ANALYZER_NONNULL = YES;
				CLANG_ANALYZER_NUMBER_OBJECT_CONVERSION = YES_AGGRESSIVE;
				CLANG_CXX_LANGUAGE_STANDARD = "gnu++14";
				CLANG_CXX_LIBRARY = "libc++";
				CLANG_ENABLE_MODULES = YES;
				CLANG_ENABLE_OBJC_ARC = YES;
				CLANG_ENABLE_OBJC_WEAK = YES;
				CLANG_WARN_BLOCK_CAPTURE_AUTORELEASING = YES;
				CLANG_WARN_BOOL_CONVERSION = YES;
				CLANG_WARN_COMMA = YES;
				CLANG_WARN_CONSTANT_CONVERSION = YES;
				CLANG_WARN_DEPRECATED_OBJC_IMPLEMENTATIONS = YES;
				CLANG_WARN_DIRECT_OBJC_ISA_USAGE = YES_ERROR;
				CLANG_WARN_DOCUMENTATION_COMMENTS = YES;
				CLANG_WARN_EMPTY_BODY = YES;
				CLANG_WARN_ENUM_CONVERSION = YES;
				CLANG_WARN_INFINITE_RECURSION = YES;
				CLANG_WARN_INT_CONVERSION = YES;
				CLANG_WARN_NON_LITERAL_NULL_CONVERSION = YES;
				CLANG_WARN_OBJC_IMPLICIT_RETAIN_SELF = YES;
				CLANG_WARN_OBJC_LITERAL_CONVERSION = YES;
				CLANG_WARN_OBJC_ROOT_CLASS = YES_ERROR;
				CLANG_WARN_RANGE_LOOP_ANALYSIS = YES;
				CLANG_WARN_STRICT_PROTOTYPES = YES;
				CLANG_WARN_SUSPICIOUS_MOVE = YES;
				CLANG_WARN_UNGUARDED_AVAILABILITY = YES_AGGRESSIVE;
				CLANG_WARN_UNREACHABLE_CODE = YES;
				CLANG_WARN__DUPLICATE_METHOD_MATCH = YES;
				CODE_SIGN_IDENTITY = "iPhone Developer";
				COPY_PHASE_STRIP = NO;
				DEBUG_INFORMATION_FORMAT = "dwarf-with-dsym";
				ENABLE_NS_ASSERTIONS = NO;
				ENABLE_STRICT_OBJC_MSGSEND = YES;
				GCC_C_LANGUAGE_STANDARD = gnu11;
				GCC_NO_COMMON_BLOCKS = YES;
				GCC_WARN_64_TO_32_BIT_CONVERSION = YES;
				GCC_WARN_ABOUT_RETURN_TYPE = YES_ERROR;
				GCC_WARN_UNDECLARED_SELECTOR = YES;
				GCC_WARN_UNINITIALIZED_AUTOS = YES_AGGRESSIVE;
				GCC_WARN_UNUSED_FUNCTION = YES;
				GCC_WARN_UNUSED_VARIABLE = YES;
				IPHONEOS_DEPLOYMENT_TARGET = 11.3;
				MTL_ENABLE_DEBUG_INFO = NO;
				SDKROOT = iphoneos;
				VALIDATE_PRODUCT = YES;
			};
			name = Release;
		};
		6291C11420BD4EBB00DD6F54 /* Debug */ = {
			isa = XCBuildConfiguration;
			buildSettings = {
				ASSETCATALOG_COMPILER_APPICON_NAME = AppIcon;
				CODE_SIGN_STYLE = Automatic;
				DEVELOPMENT_TEAM = 52Q2NT64Y7;
				INFOPLIST_FILE = XZD123/Info.plist;
				LD_RUNPATH_SEARCH_PATHS = (
					"$(inherited)",
					"@executable_path/Frameworks",
				);
				PRODUCT_BUNDLE_IDENTIFIER = xzd.XZD123;
				PRODUCT_NAME = "$(TARGET_NAME)";
				TARGETED_DEVICE_FAMILY = "1,2";
			};
			name = Debug;
		};
		6291C11520BD4EBB00DD6F54 /* Release */ = {
			isa = XCBuildConfiguration;
			buildSettings = {
				ASSETCATALOG_COMPILER_APPICON_NAME = AppIcon;
				CODE_SIGN_STYLE = Automatic;
				DEVELOPMENT_TEAM = 52Q2NT64Y7;
				INFOPLIST_FILE = XZD123/Info.plist;
				LD_RUNPATH_SEARCH_PATHS = (
					"$(inherited)",
					"@executable_path/Frameworks",
				);
				PRODUCT_BUNDLE_IDENTIFIER = xzd.XZD123;
				PRODUCT_NAME = "$(TARGET_NAME)";
				TARGETED_DEVICE_FAMILY = "1,2";
			};
			name = Release;
		};
		6291C11720BD4EBB00DD6F54 /* Debug */ = {
			isa = XCBuildConfiguration;
			buildSettings = {
				BUNDLE_LOADER = "$(TEST_HOST)";
				CODE_SIGN_STYLE = Automatic;
				DEVELOPMENT_TEAM = 52Q2NT64Y7;
				INFOPLIST_FILE = XZD123Tests/Info.plist;
				LD_RUNPATH_SEARCH_PATHS = (
					"$(inherited)",
					"@executable_path/Frameworks",
					"@loader_path/Frameworks",
				);
				PRODUCT_BUNDLE_IDENTIFIER = xzd.XZD123Tests;
				PRODUCT_NAME = "$(TARGET_NAME)";
				TARGETED_DEVICE_FAMILY = "1,2";
				TEST_HOST = "$(BUILT_PRODUCTS_DIR)/XZD123.app/XZD123";
			};
			name = Debug;
		};
		6291C11820BD4EBB00DD6F54 /* Release */ = {
			isa = XCBuildConfiguration;
			buildSettings = {
				BUNDLE_LOADER = "$(TEST_HOST)";
				CODE_SIGN_STYLE = Automatic;
				DEVELOPMENT_TEAM = 52Q2NT64Y7;
				INFOPLIST_FILE = XZD123Tests/Info.plist;
				LD_RUNPATH_SEARCH_PATHS = (
					"$(inherited)",
					"@executable_path/Frameworks",
					"@loader_path/Frameworks",
				);
				PRODUCT_BUNDLE_IDENTIFIER = xzd.XZD123Tests;
				PRODUCT_NAME = "$(TARGET_NAME)";
				TARGETED_DEVICE_FAMILY = "1,2";
				TEST_HOST = "$(BUILT_PRODUCTS_DIR)/XZD123.app/XZD123";
			};
			name = Release;
		};
		6291C11A20BD4EBB00DD6F54 /* Debug */ = {
			isa = XCBuildConfiguration;
			buildSettings = {
				CODE_SIGN_STYLE = Automatic;
				DEVELOPMENT_TEAM = 52Q2NT64Y7;
				INFOPLIST_FILE = XZD123UITests/Info.plist;
				LD_RUNPATH_SEARCH_PATHS = (
					"$(inherited)",
					"@executable_path/Frameworks",
					"@loader_path/Frameworks",
				);
				PRODUCT_BUNDLE_IDENTIFIER = xzd.XZD123UITests;
				PRODUCT_NAME = "$(TARGET_NAME)";
				TARGETED_DEVICE_FAMILY = "1,2";
				TEST_TARGET_NAME = XZD123;
			};
			name = Debug;
		};
		6291C11B20BD4EBB00DD6F54 /* Release */ = {
			isa = XCBuildConfiguration;
			buildSettings = {
				CODE_SIGN_STYLE = Automatic;
				DEVELOPMENT_TEAM = 52Q2NT64Y7;
				INFOPLIST_FILE = XZD123UITests/Info.plist;
				LD_RUNPATH_SEARCH_PATHS = (
					"$(inherited)",
					"@executable_path/Frameworks",
					"@loader_path/Frameworks",
				);
				PRODUCT_BUNDLE_IDENTIFIER = xzd.XZD123UITests;
				PRODUCT_NAME = "$(TARGET_NAME)";
				TARGETED_DEVICE_FAMILY = "1,2";
				TEST_TARGET_NAME = XZD123;
			};
			name = Release;
		};
/* End XCBuildConfiguration section */

/* Begin XCConfigurationList section */
		6291C0DF20BD4EB300DD6F54 /* Build configuration list for PBXProject "XZD123" */ = {
			isa = XCConfigurationList;
			buildConfigurations = (
				6291C11120BD4EBB00DD6F54 /* Debug */,
				6291C11220BD4EBB00DD6F54 /* Release */,
			);
			defaultConfigurationIsVisible = 0;
			defaultConfigurationName = Release;
		};
		6291C11320BD4EBB00DD6F54 /* Build configuration list for PBXNativeTarget "XZD123" */ = {
			isa = XCConfigurationList;
			buildConfigurations = (
				6291C11420BD4EBB00DD6F54 /* Debug */,
				6291C11520BD4EBB00DD6F54 /* Release */,
			);
			defaultConfigurationIsVisible = 0;
			defaultConfigurationName = Release;
		};
		6291C11620BD4EBB00DD6F54 /* Build configuration list for PBXNativeTarget "XZD123Tests" */ = {
			isa = XCConfigurationList;
			buildConfigurations = (
				6291C11720BD4EBB00DD6F54 /* Debug */,
				6291C11820BD4EBB00DD6F54 /* Release */,
			);
			defaultConfigurationIsVisible = 0;
			defaultConfigurationName = Release;
		};
		6291C11920BD4EBB00DD6F54 /* Build configuration list for PBXNativeTarget "XZD123UITests" */ = {
			isa = XCConfigurationList;
			buildConfigurations = (
				6291C11A20BD4EBB00DD6F54 /* Debug */,
				6291C11B20BD4EBB00DD6F54 /* Release */,
			);
			defaultConfigurationIsVisible = 0;
			defaultConfigurationName = Release;
		};
/* End XCConfigurationList section */

/* Begin XCVersionGroup section */
		6291C0F020BD4EB300DD6F54 /* XZD123.xcdatamodeld */ = {
			isa = XCVersionGroup;
			children = (
				6291C0F120BD4EB300DD6F54 /* XZD123.xcdatamodel */,
			);
			currentVersion = 6291C0F120BD4EB300DD6F54 /* XZD123.xcdatamodel */;
			path = XZD123.xcdatamodeld;
			sourceTree = "<group>";
			versionGroupType = wrapper.xcdatamodel;
		};
/* End XCVersionGroup section */
	};
	rootObject = 6291C0DC20BD4EB300DD6F54 /* Project object */;
}
